
Microsoft Visual Studio Solution File, Format Version 12.00
# Visual Studio Version 16
VisualStudioVersion = 16.0.30114.105
MinimumVisualStudioVersion = 10.0.40219.1
Project("{2150E333-8FDC-42A3-9474-1A3956D46DE8}") = "Services", "Services", "{B9C4E30F-4BE5-4B8F-8D61-2B1375D8910A}"
EndProject
Project("{2150E333-8FDC-42A3-9474-1A3956D46DE8}") = "Catalog", "Catalog", "{9D64295D-DFC7-4DE6-9B70-F0A70AB343E6}"
EndProject
Project("{FAE04EC0-301F-11D3-BF4B-00C04F79EFBC}") = "Catalog.API", "Services\Catalog\Catalog.API\Catalog.API.csproj", "{F8129650-F480-4B17-BFD1-4B6276B6D07A}"
EndProject
Project("{2150E333-8FDC-42A3-9474-1A3956D46DE8}") = "Basket", "Basket", "{FDF85098-E766-4305-BF6B-F3FAE0C6E6BB}"
EndProject
Project("{FAE04EC0-301F-11D3-BF4B-00C04F79EFBC}") = "Basket.API", "Services\Basket\Basket.API\Basket.API.csproj", "{97B45522-0CAF-4D7E-8549-0B890A921941}"
EndProject
Project("{2150E333-8FDC-42A3-9474-1A3956D46DE8}") = "Discount", "Discount", "{317F4B10-6A9A-4E8F-9AEE-92EDF7B9CDF2}"
EndProject
Project("{FAE04EC0-301F-11D3-BF4B-00C04F79EFBC}") = "Discount.API", "Services\Discount\Discount.API\Discount.API.csproj", "{3761E05F-F0A1-412A-A3CE-BE32B1346062}"
EndProject
Project("{FAE04EC0-301F-11D3-BF4B-00C04F79EFBC}") = "Discount.Grpc", "Services\Discount\Discount.API\Discount.Grpc\Discount.Grpc.csproj", "{AA0B74EA-BC86-4A9F-AF52-B5842557540F}"
EndProject
Global
	GlobalSection(SolutionConfigurationPlatforms) = preSolution
		Debug|Any CPU = Debug|Any CPU
		Release|Any CPU = Release|Any CPU
	EndGlobalSection
	GlobalSection(SolutionProperties) = preSolution
		HideSolutionNode = FALSE
	EndGlobalSection
	GlobalSection(ProjectConfigurationPlatforms) = postSolution
		{F8129650-F480-4B17-BFD1-4B6276B6D07A}.Debug|Any CPU.ActiveCfg = Debug|Any CPU
		{F8129650-F480-4B17-BFD1-4B6276B6D07A}.Debug|Any CPU.Build.0 = Debug|Any CPU
		{F8129650-F480-4B17-BFD1-4B6276B6D07A}.Release|Any CPU.ActiveCfg = Release|Any CPU
		{F8129650-F480-4B17-BFD1-4B6276B6D07A}.Release|Any CPU.Build.0 = Release|Any CPU
		{97B45522-0CAF-4D7E-8549-0B890A921941}.Debug|Any CPU.ActiveCfg = Debug|Any CPU
		{97B45522-0CAF-4D7E-8549-0B890A921941}.Debug|Any CPU.Build.0 = Debug|Any CPU
		{97B45522-0CAF-4D7E-8549-0B890A921941}.Release|Any CPU.ActiveCfg = Release|Any CPU
		{97B45522-0CAF-4D7E-8549-0B890A921941}.Release|Any CPU.Build.0 = Release|Any CPU
		{3761E05F-F0A1-412A-A3CE-BE32B1346062}.Debug|Any CPU.ActiveCfg = Debug|Any CPU
		{3761E05F-F0A1-412A-A3CE-BE32B1346062}.Debug|Any CPU.Build.0 = Debug|Any CPU
		{3761E05F-F0A1-412A-A3CE-BE32B1346062}.Release|Any CPU.ActiveCfg = Release|Any CPU
		{3761E05F-F0A1-412A-A3CE-BE32B1346062}.Release|Any CPU.Build.0 = Release|Any CPU
		{AA0B74EA-BC86-4A9F-AF52-B5842557540F}.Debug|Any CPU.ActiveCfg = Debug|Any CPU
		{AA0B74EA-BC86-4A9F-AF52-B5842557540F}.Debug|Any CPU.Build.0 = Debug|Any CPU
		{AA0B74EA-BC86-4A9F-AF52-B5842557540F}.Release|Any CPU.ActiveCfg = Release|Any CPU
		{AA0B74EA-BC86-4A9F-AF52-B5842557540F}.Release|Any CPU.Build.0 = Release|Any CPU
	EndGlobalSection
	GlobalSection(NestedProjects) = preSolution
		{9D64295D-DFC7-4DE6-9B70-F0A70AB343E6} = {B9C4E30F-4BE5-4B8F-8D61-2B1375D8910A}
		{F8129650-F480-4B17-BFD1-4B6276B6D07A} = {9D64295D-DFC7-4DE6-9B70-F0A70AB343E6}
		{FDF85098-E766-4305-BF6B-F3FAE0C6E6BB} = {B9C4E30F-4BE5-4B8F-8D61-2B1375D8910A}
		{97B45522-0CAF-4D7E-8549-0B890A921941} = {FDF85098-E766-4305-BF6B-F3FAE0C6E6BB}
		{317F4B10-6A9A-4E8F-9AEE-92EDF7B9CDF2} = {B9C4E30F-4BE5-4B8F-8D61-2B1375D8910A}
		{3761E05F-F0A1-412A-A3CE-BE32B1346062} = {317F4B10-6A9A-4E8F-9AEE-92EDF7B9CDF2}
		{AA0B74EA-BC86-4A9F-AF52-B5842557540F} = {317F4B10-6A9A-4E8F-9AEE-92EDF7B9CDF2}
	EndGlobalSection
EndGlobal
